
Microsoft Visual Studio Solution File, Format Version 11.00
# Visual Studio 2010
Project("{FAE04EC0-301F-11D3-BF4B-00C04F79EFBC}") = "Assembly-CSharp", "Assembly-CSharp.csproj", "{dfebce89-a818-76fe-4879-0526d22e51d1}"
EndProject
Project("{FAE04EC0-301F-11D3-BF4B-00C04F79EFBC}") = "Assembly-CSharp-firstpass", "Assembly-CSharp-firstpass.csproj", "{1f8bfd41-5134-36e2-2ff4-91f1b9dc273c}"
EndProject
Project("{FAE04EC0-301F-11D3-BF4B-00C04F79EFBC}") = "Assembly-CSharp-Editor-firstpass", "Assembly-CSharp-Editor-firstpass.csproj", "{5902f7dd-d1af-b3a9-3a8a-83dc6c815a9a}"
EndProject
Global
	GlobalSection(SolutionConfigurationPlatforms) = preSolution
		Debug|Any CPU = Debug|Any CPU
		Release|Any CPU = Release|Any CPU
	EndGlobalSection
	GlobalSection(ProjectConfigurationPlatforms) = postSolution
		{dfebce89-a818-76fe-4879-0526d22e51d1}.Debug|Any CPU.ActiveCfg = Debug|Any CPU
		{dfebce89-a818-76fe-4879-0526d22e51d1}.Debug|Any CPU.Build.0 = Debug|Any CPU
		{dfebce89-a818-76fe-4879-0526d22e51d1}.Release|Any CPU.ActiveCfg = Release|Any CPU
		{dfebce89-a818-76fe-4879-0526d22e51d1}.Release|Any CPU.Build.0 = Release|Any CPU
		{1f8bfd41-5134-36e2-2ff4-91f1b9dc273c}.Debug|Any CPU.ActiveCfg = Debug|Any CPU
		{1f8bfd41-5134-36e2-2ff4-91f1b9dc273c}.Debug|Any CPU.Build.0 = Debug|Any CPU
		{1f8bfd41-5134-36e2-2ff4-91f1b9dc273c}.Release|Any CPU.ActiveCfg = Release|Any CPU
		{1f8bfd41-5134-36e2-2ff4-91f1b9dc273c}.Release|Any CPU.Build.0 = Release|Any CPU
		{5902f7dd-d1af-b3a9-3a8a-83dc6c815a9a}.Debug|Any CPU.ActiveCfg = Debug|Any CPU
		{5902f7dd-d1af-b3a9-3a8a-83dc6c815a9a}.Debug|Any CPU.Build.0 = Debug|Any CPU
		{5902f7dd-d1af-b3a9-3a8a-83dc6c815a9a}.Release|Any CPU.ActiveCfg = Release|Any CPU
		{5902f7dd-d1af-b3a9-3a8a-83dc6c815a9a}.Release|Any CPU.Build.0 = Release|Any CPU
	EndGlobalSection
	GlobalSection(SolutionProperties) = preSolution
		HideSolutionNode = FALSE
	EndGlobalSection
EndGlobal
